// !$*UTF8*$!
{
	archiveVersion = 1;
	classes = {
	};
	objectVersion = 50;
	objects = {

/* Begin PBXBuildFile section */
		04BF120D2196820A00E56D48 /* AppDelegate.m in Sources */ = {isa = PBXBuildFile; fileRef = 04BF120C2196820A00E56D48 /* AppDelegate.m */; };
		04BF12102196820A00E56D48 /* ViewController.m in Sources */ = {isa = PBXBuildFile; fileRef = 04BF120F2196820A00E56D48 /* ViewController.m */; };
		04BF12132196820A00E56D48 /* Main.storyboard in Resources */ = {isa = PBXBuildFile; fileRef = 04BF12112196820A00E56D48 /* Main.storyboard */; };
		04BF12152196820B00E56D48 /* Assets.xcassets in Resources */ = {isa = PBXBuildFile; fileRef = 04BF12142196820B00E56D48 /* Assets.xcassets */; };
		04BF12182196820B00E56D48 /* LaunchScreen.storyboard in Resources */ = {isa = PBXBuildFile; fileRef = 04BF12162196820B00E56D48 /* LaunchScreen.storyboard */; };
		04BF121B2196820B00E56D48 /* main.m in Sources */ = {isa = PBXBuildFile; fileRef = 04BF121A2196820B00E56D48 /* main.m */; };
/* End PBXBuildFile section */

/* Begin PBXFileReference section */
		04BF12082196820A00E56D48 /* GTUIKitBundleResource.app */ = {isa = PBXFileReference; explicitFileType = wrapper.application; includeInIndex = 0; path = GTUIKitBundleResource.app; sourceTree = BUILT_PRODUCTS_DIR; };
		04BF120B2196820A00E56D48 /* AppDelegate.h */ = {isa = PBXFileReference; lastKnownFileType = sourcecode.c.h; path = AppDelegate.h; sourceTree = "<group>"; };
		04BF120C2196820A00E56D48 /* AppDelegate.m */ = {isa = PBXFileReference; lastKnownFileType = sourcecode.c.objc; path = AppDelegate.m; sourceTree = "<group>"; };
		04BF120E2196820A00E56D48 /* ViewController.h */ = {isa = PBXFileReference; lastKnownFileType = sourcecode.c.h; path = ViewController.h; sourceTree = "<group>"; };
		04BF120F2196820A00E56D48 /* ViewController.m */ = {isa = PBXFileReference; lastKnownFileType = sourcecode.c.objc; path = ViewController.m; sourceTree = "<group>"; };
		04BF12122196820A00E56D48 /* Base */ = {isa = PBXFileReference; lastKnownFileType = file.storyboard; name = Base; path = Base.lproj/Main.storyboard; sourceTree = "<group>"; };
		04BF12142196820B00E56D48 /* Assets.xcassets */ = {isa = PBXFileReference; lastKnownFileType = folder.assetcatalog; path = Assets.xcassets; sourceTree = "<group>"; };
		04BF12172196820B00E56D48 /* Base */ = {isa = PBXFileReference; lastKnownFileType = file.storyboard; name = Base; path = Base.lproj/LaunchScreen.storyboard; sourceTree = "<group>"; };
		04BF12192196820B00E56D48 /* Info.plist */ = {isa = PBXFileReference; lastKnownFileType = text.plist.xml; path = Info.plist; sourceTree = "<group>"; };
		04BF121A2196820B00E56D48 /* main.m */ = {isa = PBXFileReference; lastKnownFileType = sourcecode.c.objc; path = main.m; sourceTree = "<group>"; };
/* End PBXFileReference section */

/* Begin PBXFrameworksBuildPhase section */
		04BF12052196820A00E56D48 /* Frameworks */ = {
			isa = PBXFrameworksBuildPhase;
			buildActionMask = 2147483647;
			files = (
			);
			runOnlyForDeploymentPostprocessing = 0;
		};
/* End PBXFrameworksBuildPhase section */

/* Begin PBXGroup section */
		04BF11FF2196820A00E56D48 = {
			isa = PBXGroup;
			children = (
				04BF120A2196820A00E56D48 /* GTUIKitBundleResource */,
				04BF12092196820A00E56D48 /* Products */,
			);
			sourceTree = "<group>";
		};
		04BF12092196820A00E56D48 /* Products */ = {
			isa = PBXGroup;
			children = (
				04BF12082196820A00E56D48 /* GTUIKitBundleResource.app */,
			);
			name = Products;
			sourceTree = "<group>";
		};
		04BF120A2196820A00E56D48 /* GTUIKitBundleResource */ = {
			isa = PBXGroup;
			children = (
				04BF120B2196820A00E56D48 /* AppDelegate.h */,
				04BF120C2196820A00E56D48 /* AppDelegate.m */,
				04BF120E2196820A00E56D48 /* ViewController.h */,
				04BF120F2196820A00E56D48 /* ViewController.m */,
				04BF12112196820A00E56D48 /* Main.storyboard */,
				04BF12142196820B00E56D48 /* Assets.xcassets */,
				04BF12212196823800E56D48 /* iconfont */,
				04BF12162196820B00E56D48 /* LaunchScreen.storyboard */,
				04BF12192196820B00E56D48 /* Info.plist */,
				04BF121A2196820B00E56D48 /* main.m */,
			);
			path = GTUIKitBundleResource;
			sourceTree = "<group>";
		};
		04BF12212196823800E56D48 /* iconfont */ = {
			isa = PBXGroup;
			children = (
			);
			path = iconfont;
			sourceTree = "<group>";
		};
/* End PBXGroup section */

/* Begin PBXNativeTarget section */
		04BF12072196820A00E56D48 /* GTUIKitBundleResource */ = {
			isa = PBXNativeTarget;
			buildConfigurationList = 04BF121E2196820B00E56D48 /* Build configuration list for PBXNativeTarget "GTUIKitBundleResource" */;
			buildPhases = (
				04BF12042196820A00E56D48 /* Sources */,
				04BF12052196820A00E56D48 /* Frameworks */,
				04BF12062196820A00E56D48 /* Resources */,
			);
			buildRules = (
			);
			dependencies = (
			);
			name = GTUIKitBundleResource;
			productName = GTUIKitBundleResource;
			productReference = 04BF12082196820A00E56D48 /* GTUIKitBundleResource.app */;
			productType = "com.apple.product-type.application";
		};
/* End PBXNativeTarget section */

/* Begin PBXProject section */
		04BF12002196820A00E56D48 /* Project object */ = {
			isa = PBXProject;
			attributes = {
				LastUpgradeCheck = 0930;
				ORGANIZATIONNAME = liuxc;
				TargetAttributes = {
					04BF12072196820A00E56D48 = {
						CreatedOnToolsVersion = 9.3.1;
					};
				};
			};
			buildConfigurationList = 04BF12032196820A00E56D48 /* Build configuration list for PBXProject "GTUIKitBundleResource" */;
			compatibilityVersion = "Xcode 9.3";
			developmentRegion = en;
			hasScannedForEncodings = 0;
			knownRegions = (
				en,
				Base,
			);
			mainGroup = 04BF11FF2196820A00E56D48;
			productRefGroup = 04BF12092196820A00E56D48 /* Products */;
			projectDirPath = "";
			projectRoot = "";
			targets = (
				04BF12072196820A00E56D48 /* GTUIKitBundleResource */,
			);
		};
/* End PBXProject section */

/* Begin PBXResourcesBuildPhase section */
		04BF12062196820A00E56D48 /* Resources */ = {
			isa = PBXResourcesBuildPhase;
			buildActionMask = 2147483647;
			files = (
				04BF12182196820B00E56D48 /* LaunchScreen.storyboard in Resources */,
				04BF12152196820B00E56D48 /* Assets.xcassets in Resources */,
				04BF12132196820A00E56D48 /* Main.storyboard in Resources */,
			);
			runOnlyForDeploymentPostprocessing = 0;
		};
/* End PBXResourcesBuildPhase section */

/* Begin PBXSourcesBuildPhase section */
		04BF12042196820A00E56D48 /* Sources */ = {
			isa = PBXSourcesBuildPhase;
			buildActionMask = 2147483647;
			files = (
				04BF12102196820A00E56D48 /* ViewController.m in Sources */,
				04BF121B2196820B00E56D48 /* main.m in Sources */,
				04BF120D2196820A00E56D48 /* AppDelegate.m in Sources */,
			);
			runOnlyForDeploymentPostprocessing = 0;
		};
/* End PBXSourcesBuildPhase section */

/* Begin PBXVariantGroup section */
		04BF12112196820A00E56D48 /* Main.storyboard */ = {
			isa = PBXVariantGroup;
			children = (
				04BF12122196820A00E56D48 /* Base */,
			);
			name = Main.storyboard;
			sourceTree = "<group>";
		};
		04BF12162196820B00E56D48 /* LaunchScreen.storyboard */ = {
			isa = PBXVariantGroup;
			children = (
				04BF12172196820B00E56D48 /* Base */,
			);
			name = LaunchScreen.storyboard;
			sourceTree = "<group>";
		};
/* End PBXVariantGroup section */

/* Begin XCBuildConfiguration section */
		04BF121C2196820B00E56D48 /* Debug */ = {
			isa = XCBuildConfiguration;
			buildSettings = {
				ALWAYS_SEARCH_USER_PATHS = NO;
				CLANG_ANALYZER_NONNULL = YES;
				CLANG_ANALYZER_NUMBER_OBJECT_CONVERSION = YES_AGGRESSIVE;
				CLANG_CXX_LANGUAGE_STANDARD = "gnu++14";
				CLANG_CXX_LIBRARY = "libc++";
				CLANG_ENABLE_MODULES = YES;
				CLANG_ENABLE_OBJC_ARC = YES;
				CLANG_ENABLE_OBJC_WEAK = YES;
				CLANG_WARN_BLOCK_CAPTURE_AUTORELEASING = YES;
				CLANG_WARN_BOOL_CONVERSION = YES;
				CLANG_WARN_COMMA = YES;
				CLANG_WARN_CONSTANT_CONVERSION = YES;
				CLANG_WARN_DEPRECATED_OBJC_IMPLEMENTATIONS = YES;
				CLANG_WARN_DIRECT_OBJC_ISA_USAGE = YES_ERROR;
				CLANG_WARN_DOCUMENTATION_COMMENTS = YES;
				CLANG_WARN_EMPTY_BODY = YES;
				CLANG_WARN_ENUM_CONVERSION = YES;
				CLANG_WARN_INFINITE_RECURSION = YES;
				CLANG_WARN_INT_CONVERSION = YES;
				CLANG_WARN_NON_LITERAL_NULL_CONVERSION = YES;
				CLANG_WARN_OBJC_IMPLICIT_RETAIN_SELF = YES;
				CLANG_WARN_OBJC_LITERAL_CONVERSION = YES;
				CLANG_WARN_OBJC_ROOT_CLASS = YES_ERROR;
				CLANG_WARN_RANGE_LOOP_ANALYSIS = YES;
				CLANG_WARN_STRICT_PROTOTYPES = YES;
				CLANG_WARN_SUSPICIOUS_MOVE = YES;
				CLANG_WARN_UNGUARDED_AVAILABILITY = YES_AGGRESSIVE;
				CLANG_WARN_UNREACHABLE_CODE = YES;
				CLANG_WARN__DUPLICATE_METHOD_MATCH = YES;
				CODE_SIGN_IDENTITY = "iPhone Developer";
				COPY_PHASE_STRIP = NO;
				DEBUG_INFORMATION_FORMAT = dwarf;
				ENABLE_STRICT_OBJC_MSGSEND = YES;
				ENABLE_TESTABILITY = YES;
				GCC_C_LANGUAGE_STANDARD = gnu11;
				GCC_DYNAMIC_NO_PIC = NO;
				GCC_NO_COMMON_BLOCKS = YES;
				GCC_OPTIMIZATION_LEVEL = 0;
				GCC_PREPROCESSOR_DEFINITIONS = (
					"DEBUG=1",
					"$(inherited)",
				);
				GCC_WARN_64_TO_32_BIT_CONVERSION = YES;
				GCC_WARN_ABOUT_RETURN_TYPE = YES_ERROR;
				GCC_WARN_UNDECLARED_SELECTOR = YES;
				GCC_WARN_UNINITIALIZED_AUTOS = YES_AGGRESSIVE;
				GCC_WARN_UNUSED_FUNCTION = YES;
				GCC_WARN_UNUSED_VARIABLE = YES;
				IPHONEOS_DEPLOYMENT_TARGET = 11.3;
				MTL_ENABLE_DEBUG_INFO = YES;
				ONLY_ACTIVE_ARCH = YES;
				SDKROOT = iphoneos;
			};
			name = Debug;
		};
		04BF121D2196820B00E56D48 /* Release */ = {
			isa = XCBuildConfiguration;
			buildSettings = {
				ALWAYS_SEARCH_USER_PATHS = NO;
				CLANG_ANALYZER_NONNULL = YES;
				CLANG_ANALYZER_NUMBER_OBJECT_CONVERSION = YES_AGGRESSIVE;
				CLANG_CXX_LANGUAGE_STANDARD = "gnu++14";
				CLANG_CXX_LIBRARY = "libc++";
				CLANG_ENABLE_MODULES = YES;
				CLANG_ENABLE_OBJC_ARC = YES;
				CLANG_ENABLE_OBJC_WEAK = YES;
				CLANG_WARN_BLOCK_CAPTURE_AUTORELEASING = YES;
				CLANG_WARN_BOOL_CONVERSION = YES;
				CLANG_WARN_COMMA = YES;
				CLANG_WARN_CONSTANT_CONVERSION = YES;
				CLANG_WARN_DEPRECATED_OBJC_IMPLEMENTATIONS = YES;
				CLANG_WARN_DIRECT_OBJC_ISA_USAGE = YES_ERROR;
				CLANG_WARN_DOCUMENTATION_COMMENTS = YES;
				CLANG_WARN_EMPTY_BODY = YES;
				CLANG_WARN_ENUM_CONVERSION = YES;
				CLANG_WARN_INFINITE_RECURSION = YES;
				CLANG_WARN_INT_CONVERSION = YES;
				CLANG_WARN_NON_LITERAL_NULL_CONVERSION = YES;
				CLANG_WARN_OBJC_IMPLICIT_RETAIN_SELF = YES;
				CLANG_WARN_OBJC_LITERAL_CONVERSION = YES;
				CLANG_WARN_OBJC_ROOT_CLASS = YES_ERROR;
				CLANG_WARN_RANGE_LOOP_ANALYSIS = YES;
				CLANG_WARN_STRICT_PROTOTYPES = YES;
				CLANG_WARN_SUSPICIOUS_MOVE = YES;
				CLANG_WARN_UNGUARDED_AVAILABILITY = YES_AGGRESSIVE;
				CLANG_WARN_UNREACHABLE_CODE = YES;
				CLANG_WARN__DUPLICATE_METHOD_MATCH = YES;
				CODE_SIGN_IDENTITY = "iPhone Developer";
				COPY_PHASE_STRIP = NO;
				DEBUG_INFORMATION_FORMAT = "dwarf-with-dsym";
				ENABLE_NS_ASSERTIONS = NO;
				ENABLE_STRICT_OBJC_MSGSEND = YES;
				GCC_C_LANGUAGE_STANDARD = gnu11;
				GCC_NO_COMMON_BLOCKS = YES;
				GCC_WARN_64_TO_32_BIT_CONVERSION = YES;
				GCC_WARN_ABOUT_RETURN_TYPE = YES_ERROR;
				GCC_WARN_UNDECLARED_SELECTOR = YES;
				GCC_WARN_UNINITIALIZED_AUTOS = YES_AGGRESSIVE;
				GCC_WARN_UNUSED_FUNCTION = YES;
				GCC_WARN_UNUSED_VARIABLE = YES;
				IPHONEOS_DEPLOYMENT_TARGET = 11.3;
				MTL_ENABLE_DEBUG_INFO = NO;
				SDKROOT = iphoneos;
				VALIDATE_PRODUCT = YES;
			};
			name = Release;
		};
		04BF121F2196820B00E56D48 /* Debug */ = {
			isa = XCBuildConfiguration;
			buildSettings = {
				ASSETCATALOG_COMPILER_APPICON_NAME = AppIcon;
				CODE_SIGN_STYLE = Automatic;
				DEVELOPMENT_TEAM = E4RZEW9957;
				INFOPLIST_FILE = GTUIKitBundleResource/Info.plist;
				LD_RUNPATH_SEARCH_PATHS = (
					"$(inherited)",
					"@executable_path/Frameworks",
				);
				PRODUCT_BUNDLE_IDENTIFIER = com.liuxc.GTUIKitBundleResource;
				PRODUCT_NAME = "$(TARGET_NAME)";
				TARGETED_DEVICE_FAMILY = "1,2";
			};
			name = Debug;
		};
		04BF12202196820B00E56D48 /* Release */ = {
			isa = XCBuildConfiguration;
			buildSettings = {
				ASSETCATALOG_COMPILER_APPICON_NAME = AppIcon;
				CODE_SIGN_STYLE = Automatic;
				DEVELOPMENT_TEAM = E4RZEW9957;
				INFOPLIST_FILE = GTUIKitBundleResource/Info.plist;
				LD_RUNPATH_SEARCH_PATHS = (
					"$(inherited)",
					"@executable_path/Frameworks",
				);
				PRODUCT_BUNDLE_IDENTIFIER = com.liuxc.GTUIKitBundleResource;
				PRODUCT_NAME = "$(TARGET_NAME)";
				TARGETED_DEVICE_FAMILY = "1,2";
			};
			name = Release;
		};
/* End XCBuildConfiguration section */

/* Begin XCConfigurationList section */
		04BF12032196820A00E56D48 /* Build configuration list for PBXProject "GTUIKitBundleResource" */ = {
			isa = XCConfigurationList;
			buildConfigurations = (
				04BF121C2196820B00E56D48 /* Debug */,
				04BF121D2196820B00E56D48 /* Release */,
			);
			defaultConfigurationIsVisible = 0;
			defaultConfigurationName = Release;
		};
		04BF121E2196820B00E56D48 /* Build configuration list for PBXNativeTarget "GTUIKitBundleResource" */ = {
			isa = XCConfigurationList;
			buildConfigurations = (
				04BF121F2196820B00E56D48 /* Debug */,
				04BF12202196820B00E56D48 /* Release */,
			);
			defaultConfigurationIsVisible = 0;
			defaultConfigurationName = Release;
		};
/* End XCConfigurationList section */
	};
	rootObject = 04BF12002196820A00E56D48 /* Project object */;
}
